
Microsoft Visual Studio Solution File, Format Version 12.00
# Visual Studio Version 17
VisualStudioVersion = 17.4.33213.308
MinimumVisualStudioVersion = 10.0.40219.1
Project("{FAE04EC0-301F-11D3-BF4B-00C04F79EFBC}") = "WinFormsClient", "WindowsFormsClient\WinFormsClient.csproj", "{8B8BEBD1-A182-450D-B4EF-DE2E4820D4F8}"
EndProject
Project("{FAE04EC0-301F-11D3-BF4B-00C04F79EFBC}") = "WPFClient", "WPFClient\WPFClient.csproj", "{40C56846-04AF-457A-A68F-EBCABD765E70}"
EndProject
Project("{FAE04EC0-301F-11D3-BF4B-00C04F79EFBC}") = "WPFServer", "WPFServer\WPFServer.csproj", "{29A0847C-A71D-4C3B-932F-9B472C0908C4}"
EndProject
Project("{FAE04EC0-301F-11D3-BF4B-00C04F79EFBC}") = "WinFormsServer", "WinFormsServer\WinFormsServer.csproj", "{2368DFE4-48D1-482D-9445-B5F95FEF5424}"
EndProject
Project("{FAE04EC0-301F-11D3-BF4B-00C04F79EFBC}") = "App1", "App1\App1.csproj", "{85BC8E3B-E51E-4BFC-8DB3-CB5204939A34}"
EndProject
Global
	GlobalSection(SolutionConfigurationPlatforms) = preSolution
		Debug|Any CPU = Debug|Any CPU
		Debug|ARM = Debug|ARM
		Debug|ARM64 = Debug|ARM64
		Debug|x64 = Debug|x64
		Debug|x86 = Debug|x86
		Release|Any CPU = Release|Any CPU
		Release|ARM = Release|ARM
		Release|ARM64 = Release|ARM64
		Release|x64 = Release|x64
		Release|x86 = Release|x86
	EndGlobalSection
	GlobalSection(ProjectConfigurationPlatforms) = postSolution
		{8B8BEBD1-A182-450D-B4EF-DE2E4820D4F8}.Debug|Any CPU.ActiveCfg = Debug|Any CPU
		{8B8BEBD1-A182-450D-B4EF-DE2E4820D4F8}.Debug|Any CPU.Build.0 = Debug|Any CPU
		{8B8BEBD1-A182-450D-B4EF-DE2E4820D4F8}.Debug|ARM.ActiveCfg = Debug|Any CPU
		{8B8BEBD1-A182-450D-B4EF-DE2E4820D4F8}.Debug|ARM.Build.0 = Debug|Any CPU
		{8B8BEBD1-A182-450D-B4EF-DE2E4820D4F8}.Debug|ARM64.ActiveCfg = Debug|Any CPU
		{8B8BEBD1-A182-450D-B4EF-DE2E4820D4F8}.Debug|ARM64.Build.0 = Debug|Any CPU
		{8B8BEBD1-A182-450D-B4EF-DE2E4820D4F8}.Debug|x64.ActiveCfg = Debug|Any CPU
		{8B8BEBD1-A182-450D-B4EF-DE2E4820D4F8}.Debug|x64.Build.0 = Debug|Any CPU
		{8B8BEBD1-A182-450D-B4EF-DE2E4820D4F8}.Debug|x86.ActiveCfg = Debug|Any CPU
		{8B8BEBD1-A182-450D-B4EF-DE2E4820D4F8}.Debug|x86.Build.0 = Debug|Any CPU
		{8B8BEBD1-A182-450D-B4EF-DE2E4820D4F8}.Release|Any CPU.ActiveCfg = Release|Any CPU
		{8B8BEBD1-A182-450D-B4EF-DE2E4820D4F8}.Release|Any CPU.Build.0 = Release|Any CPU
		{8B8BEBD1-A182-450D-B4EF-DE2E4820D4F8}.Release|ARM.ActiveCfg = Release|Any CPU
		{8B8BEBD1-A182-450D-B4EF-DE2E4820D4F8}.Release|ARM.Build.0 = Release|Any CPU
		{8B8BEBD1-A182-450D-B4EF-DE2E4820D4F8}.Release|ARM64.ActiveCfg = Release|Any CPU
		{8B8BEBD1-A182-450D-B4EF-DE2E4820D4F8}.Release|ARM64.Build.0 = Release|Any CPU
		{8B8BEBD1-A182-450D-B4EF-DE2E4820D4F8}.Release|x64.ActiveCfg = Release|Any CPU
		{8B8BEBD1-A182-450D-B4EF-DE2E4820D4F8}.Release|x64.Build.0 = Release|Any CPU
		{8B8BEBD1-A182-450D-B4EF-DE2E4820D4F8}.Release|x86.ActiveCfg = Release|Any CPU
		{8B8BEBD1-A182-450D-B4EF-DE2E4820D4F8}.Release|x86.Build.0 = Release|Any CPU
		{40C56846-04AF-457A-A68F-EBCABD765E70}.Debug|Any CPU.ActiveCfg = Debug|Any CPU
		{40C56846-04AF-457A-A68F-EBCABD765E70}.Debug|Any CPU.Build.0 = Debug|Any CPU
		{40C56846-04AF-457A-A68F-EBCABD765E70}.Debug|ARM.ActiveCfg = Debug|Any CPU
		{40C56846-04AF-457A-A68F-EBCABD765E70}.Debug|ARM.Build.0 = Debug|Any CPU
		{40C56846-04AF-457A-A68F-EBCABD765E70}.Debug|ARM64.ActiveCfg = Debug|Any CPU
		{40C56846-04AF-457A-A68F-EBCABD765E70}.Debug|ARM64.Build.0 = Debug|Any CPU
		{40C56846-04AF-457A-A68F-EBCABD765E70}.Debug|x64.ActiveCfg = Debug|Any CPU
		{40C56846-04AF-457A-A68F-EBCABD765E70}.Debug|x64.Build.0 = Debug|Any CPU
		{40C56846-04AF-457A-A68F-EBCABD765E70}.Debug|x86.ActiveCfg = Debug|Any CPU
		{40C56846-04AF-457A-A68F-EBCABD765E70}.Debug|x86.Build.0 = Debug|Any CPU
		{40C56846-04AF-457A-A68F-EBCABD765E70}.Release|Any CPU.ActiveCfg = Release|Any CPU
		{40C56846-04AF-457A-A68F-EBCABD765E70}.Release|Any CPU.Build.0 = Release|Any CPU
		{40C56846-04AF-457A-A68F-EBCABD765E70}.Release|ARM.ActiveCfg = Release|Any CPU
		{40C56846-04AF-457A-A68F-EBCABD765E70}.Release|ARM.Build.0 = Release|Any CPU
		{40C56846-04AF-457A-A68F-EBCABD765E70}.Release|ARM64.ActiveCfg = Release|Any CPU
		{40C56846-04AF-457A-A68F-EBCABD765E70}.Release|ARM64.Build.0 = Release|Any CPU
		{40C56846-04AF-457A-A68F-EBCABD765E70}.Release|x64.ActiveCfg = Release|Any CPU
		{40C56846-04AF-457A-A68F-EBCABD765E70}.Release|x64.Build.0 = Release|Any CPU
		{40C56846-04AF-457A-A68F-EBCABD765E70}.Release|x86.ActiveCfg = Release|Any CPU
		{40C56846-04AF-457A-A68F-EBCABD765E70}.Release|x86.Build.0 = Release|Any CPU
		{29A0847C-A71D-4C3B-932F-9B472C0908C4}.Debug|Any CPU.ActiveCfg = Debug|Any CPU
		{29A0847C-A71D-4C3B-932F-9B472C0908C4}.Debug|Any CPU.Build.0 = Debug|Any CPU
		{29A0847C-A71D-4C3B-932F-9B472C0908C4}.Debug|ARM.ActiveCfg = Debug|Any CPU
		{29A0847C-A71D-4C3B-932F-9B472C0908C4}.Debug|ARM.Build.0 = Debug|Any CPU
		{29A0847C-A71D-4C3B-932F-9B472C0908C4}.Debug|ARM64.ActiveCfg = Debug|Any CPU
		{29A0847C-A71D-4C3B-932F-9B472C0908C4}.Debug|ARM64.Build.0 = Debug|Any CPU
		{29A0847C-A71D-4C3B-932F-9B472C0908C4}.Debug|x64.ActiveCfg = Debug|Any CPU
		{29A0847C-A71D-4C3B-932F-9B472C0908C4}.Debug|x64.Build.0 = Debug|Any CPU
		{29A0847C-A71D-4C3B-932F-9B472C0908C4}.Debug|x86.ActiveCfg = Debug|Any CPU
		{29A0847C-A71D-4C3B-932F-9B472C0908C4}.Debug|x86.Build.0 = Debug|Any CPU
		{29A0847C-A71D-4C3B-932F-9B472C0908C4}.Release|Any CPU.ActiveCfg = Release|Any CPU
		{29A0847C-A71D-4C3B-932F-9B472C0908C4}.Release|Any CPU.Build.0 = Release|Any CPU
		{29A0847C-A71D-4C3B-932F-9B472C0908C4}.Release|ARM.ActiveCfg = Release|Any CPU
		{29A0847C-A71D-4C3B-932F-9B472C0908C4}.Release|ARM.Build.0 = Release|Any CPU
		{29A0847C-A71D-4C3B-932F-9B472C0908C4}.Release|ARM64.ActiveCfg = Release|Any CPU
		{29A0847C-A71D-4C3B-932F-9B472C0908C4}.Release|ARM64.Build.0 = Release|Any CPU
		{29A0847C-A71D-4C3B-932F-9B472C0908C4}.Release|x64.ActiveCfg = Release|Any CPU
		{29A0847C-A71D-4C3B-932F-9B472C0908C4}.Release|x64.Build.0 = Release|Any CPU
		{29A0847C-A71D-4C3B-932F-9B472C0908C4}.Release|x86.ActiveCfg = Release|Any CPU
		{29A0847C-A71D-4C3B-932F-9B472C0908C4}.Release|x86.Build.0 = Release|Any CPU
		{2368DFE4-48D1-482D-9445-B5F95FEF5424}.Debug|Any CPU.ActiveCfg = Debug|Any CPU
		{2368DFE4-48D1-482D-9445-B5F95FEF5424}.Debug|Any CPU.Build.0 = Debug|Any CPU
		{2368DFE4-48D1-482D-9445-B5F95FEF5424}.Debug|ARM.ActiveCfg = Debug|Any CPU
		{2368DFE4-48D1-482D-9445-B5F95FEF5424}.Debug|ARM.Build.0 = Debug|Any CPU
		{2368DFE4-48D1-482D-9445-B5F95FEF5424}.Debug|ARM64.ActiveCfg = Debug|Any CPU
		{2368DFE4-48D1-482D-9445-B5F95FEF5424}.Debug|ARM64.Build.0 = Debug|Any CPU
		{2368DFE4-48D1-482D-9445-B5F95FEF5424}.Debug|x64.ActiveCfg = Debug|Any CPU
		{2368DFE4-48D1-482D-9445-B5F95FEF5424}.Debug|x64.Build.0 = Debug|Any CPU
		{2368DFE4-48D1-482D-9445-B5F95FEF5424}.Debug|x86.ActiveCfg = Debug|Any CPU
		{2368DFE4-48D1-482D-9445-B5F95FEF5424}.Debug|x86.Build.0 = Debug|Any CPU
		{2368DFE4-48D1-482D-9445-B5F95FEF5424}.Release|Any CPU.ActiveCfg = Release|Any CPU
		{2368DFE4-48D1-482D-9445-B5F95FEF5424}.Release|Any CPU.Build.0 = Release|Any CPU
		{2368DFE4-48D1-482D-9445-B5F95FEF5424}.Release|ARM.ActiveCfg = Release|Any CPU
		{2368DFE4-48D1-482D-9445-B5F95FEF5424}.Release|ARM.Build.0 = Release|Any CPU
		{2368DFE4-48D1-482D-9445-B5F95FEF5424}.Release|ARM64.ActiveCfg = Release|Any CPU
		{2368DFE4-48D1-482D-9445-B5F95FEF5424}.Release|ARM64.Build.0 = Release|Any CPU
		{2368DFE4-48D1-482D-9445-B5F95FEF5424}.Release|x64.ActiveCfg = Release|Any CPU
		{2368DFE4-48D1-482D-9445-B5F95FEF5424}.Release|x64.Build.0 = Release|Any CPU
		{2368DFE4-48D1-482D-9445-B5F95FEF5424}.Release|x86.ActiveCfg = Release|Any CPU
		{2368DFE4-48D1-482D-9445-B5F95FEF5424}.Release|x86.Build.0 = Release|Any CPU
		{85BC8E3B-E51E-4BFC-8DB3-CB5204939A34}.Debug|Any CPU.ActiveCfg = Debug|x64
		{85BC8E3B-E51E-4BFC-8DB3-CB5204939A34}.Debug|Any CPU.Build.0 = Debug|x64
		{85BC8E3B-E51E-4BFC-8DB3-CB5204939A34}.Debug|Any CPU.Deploy.0 = Debug|x64
		{85BC8E3B-E51E-4BFC-8DB3-CB5204939A34}.Debug|ARM.ActiveCfg = Debug|ARM
		{85BC8E3B-E51E-4BFC-8DB3-CB5204939A34}.Debug|ARM.Build.0 = Debug|ARM
		{85BC8E3B-E51E-4BFC-8DB3-CB5204939A34}.Debug|ARM.Deploy.0 = Debug|ARM
		{85BC8E3B-E51E-4BFC-8DB3-CB5204939A34}.Debug|ARM64.ActiveCfg = Debug|ARM64
		{85BC8E3B-E51E-4BFC-8DB3-CB5204939A34}.Debug|ARM64.Build.0 = Debug|ARM64
		{85BC8E3B-E51E-4BFC-8DB3-CB5204939A34}.Debug|ARM64.Deploy.0 = Debug|ARM64
		{85BC8E3B-E51E-4BFC-8DB3-CB5204939A34}.Debug|x64.ActiveCfg = Debug|x64
		{85BC8E3B-E51E-4BFC-8DB3-CB5204939A34}.Debug|x64.Build.0 = Debug|x64
		{85BC8E3B-E51E-4BFC-8DB3-CB5204939A34}.Debug|x64.Deploy.0 = Debug|x64
		{85BC8E3B-E51E-4BFC-8DB3-CB5204939A34}.Debug|x86.ActiveCfg = Debug|x86
		{85BC8E3B-E51E-4BFC-8DB3-CB5204939A34}.Debug|x86.Build.0 = Debug|x86
		{85BC8E3B-E51E-4BFC-8DB3-CB5204939A34}.Debug|x86.Deploy.0 = Debug|x86
		{85BC8E3B-E51E-4BFC-8DB3-CB5204939A34}.Release|Any CPU.ActiveCfg = Release|x86
		{85BC8E3B-E51E-4BFC-8DB3-CB5204939A34}.Release|ARM.ActiveCfg = Release|ARM
		{85BC8E3B-E51E-4BFC-8DB3-CB5204939A34}.Release|ARM.Build.0 = Release|ARM
		{85BC8E3B-E51E-4BFC-8DB3-CB5204939A34}.Release|ARM.Deploy.0 = Release|ARM
		{85BC8E3B-E51E-4BFC-8DB3-CB5204939A34}.Release|ARM64.ActiveCfg = Release|ARM64
		{85BC8E3B-E51E-4BFC-8DB3-CB5204939A34}.Release|ARM64.Build.0 = Release|ARM64
		{85BC8E3B-E51E-4BFC-8DB3-CB5204939A34}.Release|ARM64.Deploy.0 = Release|ARM64
		{85BC8E3B-E51E-4BFC-8DB3-CB5204939A34}.Release|x64.ActiveCfg = Release|x64
		{85BC8E3B-E51E-4BFC-8DB3-CB5204939A34}.Release|x64.Build.0 = Release|x64
		{85BC8E3B-E51E-4BFC-8DB3-CB5204939A34}.Release|x64.Deploy.0 = Release|x64
		{85BC8E3B-E51E-4BFC-8DB3-CB5204939A34}.Release|x86.ActiveCfg = Release|x86
		{85BC8E3B-E51E-4BFC-8DB3-CB5204939A34}.Release|x86.Build.0 = Release|x86
		{85BC8E3B-E51E-4BFC-8DB3-CB5204939A34}.Release|x86.Deploy.0 = Release|x86
	EndGlobalSection
	GlobalSection(SolutionProperties) = preSolution
		HideSolutionNode = FALSE
	EndGlobalSection
	GlobalSection(ExtensibilityGlobals) = postSolution
		SolutionGuid = {579C978C-70B2-4B38-A651-B80934DE1248}
	EndGlobalSection
EndGlobal
