
Microsoft Visual Studio Solution File, Format Version 12.00
# Visual Studio Version 17
VisualStudioVersion = 17.13.35420.81 main
MinimumVisualStudioVersion = 10.0.40219.1
Project("{C7167F0D-BC9F-4E6E-AFE1-012C56B48DB5}") = "WapProjTemplate5-CPP-CS", "WapProjTemplate5-CPP-CS\WapProjTemplate5-CPP-CS.wapproj", "{19345AA4-E05E-4628-BDD9-F594F5E3E7B8}"
EndProject
Project("{8BC9CEB8-8B4A-11D0-8D11-00A0C91BC942}") = "App1CPP", "App1CPP\App1CPP.vcxproj", "{D440B579-BE1D-4B21-B74C-A2A9AAAA989E}"
EndProject
Project("{FAE04EC0-301F-11D3-BF4B-00C04F79EFBC}") = "App2CS", "App2CS\App2CS.csproj", "{0F62A97C-1EF8-435A-9AE2-2DE8F3DD3A50}"
EndProject
Global
	GlobalSection(SolutionConfigurationPlatforms) = preSolution
		Debug|Any CPU = Debug|Any CPU
		Debug|ARM = Debug|ARM
		Debug|ARM64 = Debug|ARM64
		Debug|x64 = Debug|x64
		Debug|x86 = Debug|x86
		Release|Any CPU = Release|Any CPU
		Release|ARM = Release|ARM
		Release|ARM64 = Release|ARM64
		Release|x64 = Release|x64
		Release|x86 = Release|x86
	EndGlobalSection
	GlobalSection(ProjectConfigurationPlatforms) = postSolution
		{19345AA4-E05E-4628-BDD9-F594F5E3E7B8}.Debug|Any CPU.ActiveCfg = Debug|Any CPU
		{19345AA4-E05E-4628-BDD9-F594F5E3E7B8}.Debug|Any CPU.Build.0 = Debug|Any CPU
		{19345AA4-E05E-4628-BDD9-F594F5E3E7B8}.Debug|Any CPU.Deploy.0 = Debug|Any CPU
		{19345AA4-E05E-4628-BDD9-F594F5E3E7B8}.Debug|ARM.ActiveCfg = Debug|ARM
		{19345AA4-E05E-4628-BDD9-F594F5E3E7B8}.Debug|ARM.Build.0 = Debug|ARM
		{19345AA4-E05E-4628-BDD9-F594F5E3E7B8}.Debug|ARM.Deploy.0 = Debug|ARM
		{19345AA4-E05E-4628-BDD9-F594F5E3E7B8}.Debug|ARM64.ActiveCfg = Debug|ARM64
		{19345AA4-E05E-4628-BDD9-F594F5E3E7B8}.Debug|ARM64.Build.0 = Debug|ARM64
		{19345AA4-E05E-4628-BDD9-F594F5E3E7B8}.Debug|ARM64.Deploy.0 = Debug|ARM64
		{19345AA4-E05E-4628-BDD9-F594F5E3E7B8}.Debug|x64.ActiveCfg = Debug|x64
		{19345AA4-E05E-4628-BDD9-F594F5E3E7B8}.Debug|x64.Build.0 = Debug|x64
		{19345AA4-E05E-4628-BDD9-F594F5E3E7B8}.Debug|x64.Deploy.0 = Debug|x64
		{19345AA4-E05E-4628-BDD9-F594F5E3E7B8}.Debug|x86.ActiveCfg = Debug|x86
		{19345AA4-E05E-4628-BDD9-F594F5E3E7B8}.Debug|x86.Build.0 = Debug|x86
		{19345AA4-E05E-4628-BDD9-F594F5E3E7B8}.Debug|x86.Deploy.0 = Debug|x86
		{19345AA4-E05E-4628-BDD9-F594F5E3E7B8}.Release|Any CPU.ActiveCfg = Release|Any CPU
		{19345AA4-E05E-4628-BDD9-F594F5E3E7B8}.Release|Any CPU.Build.0 = Release|Any CPU
		{19345AA4-E05E-4628-BDD9-F594F5E3E7B8}.Release|Any CPU.Deploy.0 = Release|Any CPU
		{19345AA4-E05E-4628-BDD9-F594F5E3E7B8}.Release|ARM.ActiveCfg = Release|ARM
		{19345AA4-E05E-4628-BDD9-F594F5E3E7B8}.Release|ARM.Build.0 = Release|ARM
		{19345AA4-E05E-4628-BDD9-F594F5E3E7B8}.Release|ARM.Deploy.0 = Release|ARM
		{19345AA4-E05E-4628-BDD9-F594F5E3E7B8}.Release|ARM64.ActiveCfg = Release|ARM64
		{19345AA4-E05E-4628-BDD9-F594F5E3E7B8}.Release|ARM64.Build.0 = Release|ARM64
		{19345AA4-E05E-4628-BDD9-F594F5E3E7B8}.Release|ARM64.Deploy.0 = Release|ARM64
		{19345AA4-E05E-4628-BDD9-F594F5E3E7B8}.Release|x64.ActiveCfg = Release|x64
		{19345AA4-E05E-4628-BDD9-F594F5E3E7B8}.Release|x64.Build.0 = Release|x64
		{19345AA4-E05E-4628-BDD9-F594F5E3E7B8}.Release|x64.Deploy.0 = Release|x64
		{19345AA4-E05E-4628-BDD9-F594F5E3E7B8}.Release|x86.ActiveCfg = Release|x86
		{19345AA4-E05E-4628-BDD9-F594F5E3E7B8}.Release|x86.Build.0 = Release|x86
		{19345AA4-E05E-4628-BDD9-F594F5E3E7B8}.Release|x86.Deploy.0 = Release|x86
		{D440B579-BE1D-4B21-B74C-A2A9AAAA989E}.Debug|Any CPU.ActiveCfg = Debug|x64
		{D440B579-BE1D-4B21-B74C-A2A9AAAA989E}.Debug|Any CPU.Build.0 = Debug|x64
		{D440B579-BE1D-4B21-B74C-A2A9AAAA989E}.Debug|Any CPU.Deploy.0 = Debug|x64
		{D440B579-BE1D-4B21-B74C-A2A9AAAA989E}.Debug|ARM.ActiveCfg = Debug|ARM
		{D440B579-BE1D-4B21-B74C-A2A9AAAA989E}.Debug|ARM.Build.0 = Debug|ARM
		{D440B579-BE1D-4B21-B74C-A2A9AAAA989E}.Debug|ARM.Deploy.0 = Debug|ARM
		{D440B579-BE1D-4B21-B74C-A2A9AAAA989E}.Debug|ARM64.ActiveCfg = Debug|ARM64
		{D440B579-BE1D-4B21-B74C-A2A9AAAA989E}.Debug|ARM64.Build.0 = Debug|ARM64
		{D440B579-BE1D-4B21-B74C-A2A9AAAA989E}.Debug|ARM64.Deploy.0 = Debug|ARM64
		{D440B579-BE1D-4B21-B74C-A2A9AAAA989E}.Debug|x64.ActiveCfg = Debug|x64
		{D440B579-BE1D-4B21-B74C-A2A9AAAA989E}.Debug|x64.Build.0 = Debug|x64
		{D440B579-BE1D-4B21-B74C-A2A9AAAA989E}.Debug|x64.Deploy.0 = Debug|x64
		{D440B579-BE1D-4B21-B74C-A2A9AAAA989E}.Debug|x86.ActiveCfg = Debug|Win32
		{D440B579-BE1D-4B21-B74C-A2A9AAAA989E}.Debug|x86.Build.0 = Debug|Win32
		{D440B579-BE1D-4B21-B74C-A2A9AAAA989E}.Debug|x86.Deploy.0 = Debug|Win32
		{D440B579-BE1D-4B21-B74C-A2A9AAAA989E}.Release|Any CPU.ActiveCfg = Release|x64
		{D440B579-BE1D-4B21-B74C-A2A9AAAA989E}.Release|Any CPU.Build.0 = Release|x64
		{D440B579-BE1D-4B21-B74C-A2A9AAAA989E}.Release|Any CPU.Deploy.0 = Release|x64
		{D440B579-BE1D-4B21-B74C-A2A9AAAA989E}.Release|ARM.ActiveCfg = Release|ARM
		{D440B579-BE1D-4B21-B74C-A2A9AAAA989E}.Release|ARM.Build.0 = Release|ARM
		{D440B579-BE1D-4B21-B74C-A2A9AAAA989E}.Release|ARM.Deploy.0 = Release|ARM
		{D440B579-BE1D-4B21-B74C-A2A9AAAA989E}.Release|ARM64.ActiveCfg = Release|ARM64
		{D440B579-BE1D-4B21-B74C-A2A9AAAA989E}.Release|ARM64.Build.0 = Release|ARM64
		{D440B579-BE1D-4B21-B74C-A2A9AAAA989E}.Release|ARM64.Deploy.0 = Release|ARM64
		{D440B579-BE1D-4B21-B74C-A2A9AAAA989E}.Release|x64.ActiveCfg = Release|x64
		{D440B579-BE1D-4B21-B74C-A2A9AAAA989E}.Release|x64.Build.0 = Release|x64
		{D440B579-BE1D-4B21-B74C-A2A9AAAA989E}.Release|x64.Deploy.0 = Release|x64
		{D440B579-BE1D-4B21-B74C-A2A9AAAA989E}.Release|x86.ActiveCfg = Release|Win32
		{D440B579-BE1D-4B21-B74C-A2A9AAAA989E}.Release|x86.Build.0 = Release|Win32
		{D440B579-BE1D-4B21-B74C-A2A9AAAA989E}.Release|x86.Deploy.0 = Release|Win32
		{0F62A97C-1EF8-435A-9AE2-2DE8F3DD3A50}.Debug|Any CPU.ActiveCfg = Debug|x64
		{0F62A97C-1EF8-435A-9AE2-2DE8F3DD3A50}.Debug|Any CPU.Build.0 = Debug|x64
		{0F62A97C-1EF8-435A-9AE2-2DE8F3DD3A50}.Debug|Any CPU.Deploy.0 = Debug|x64
		{0F62A97C-1EF8-435A-9AE2-2DE8F3DD3A50}.Debug|ARM.ActiveCfg = Debug|ARM
		{0F62A97C-1EF8-435A-9AE2-2DE8F3DD3A50}.Debug|ARM.Build.0 = Debug|ARM
		{0F62A97C-1EF8-435A-9AE2-2DE8F3DD3A50}.Debug|ARM.Deploy.0 = Debug|ARM
		{0F62A97C-1EF8-435A-9AE2-2DE8F3DD3A50}.Debug|ARM64.ActiveCfg = Debug|ARM64
		{0F62A97C-1EF8-435A-9AE2-2DE8F3DD3A50}.Debug|ARM64.Build.0 = Debug|ARM64
		{0F62A97C-1EF8-435A-9AE2-2DE8F3DD3A50}.Debug|ARM64.Deploy.0 = Debug|ARM64
		{0F62A97C-1EF8-435A-9AE2-2DE8F3DD3A50}.Debug|x64.ActiveCfg = Debug|x64
		{0F62A97C-1EF8-435A-9AE2-2DE8F3DD3A50}.Debug|x64.Build.0 = Debug|x64
		{0F62A97C-1EF8-435A-9AE2-2DE8F3DD3A50}.Debug|x64.Deploy.0 = Debug|x64
		{0F62A97C-1EF8-435A-9AE2-2DE8F3DD3A50}.Debug|x86.ActiveCfg = Debug|x86
		{0F62A97C-1EF8-435A-9AE2-2DE8F3DD3A50}.Debug|x86.Build.0 = Debug|x86
		{0F62A97C-1EF8-435A-9AE2-2DE8F3DD3A50}.Debug|x86.Deploy.0 = Debug|x86
		{0F62A97C-1EF8-435A-9AE2-2DE8F3DD3A50}.Release|Any CPU.ActiveCfg = Release|x64
		{0F62A97C-1EF8-435A-9AE2-2DE8F3DD3A50}.Release|Any CPU.Build.0 = Release|x64
		{0F62A97C-1EF8-435A-9AE2-2DE8F3DD3A50}.Release|Any CPU.Deploy.0 = Release|x64
		{0F62A97C-1EF8-435A-9AE2-2DE8F3DD3A50}.Release|ARM.ActiveCfg = Release|ARM
		{0F62A97C-1EF8-435A-9AE2-2DE8F3DD3A50}.Release|ARM.Build.0 = Release|ARM
		{0F62A97C-1EF8-435A-9AE2-2DE8F3DD3A50}.Release|ARM.Deploy.0 = Release|ARM
		{0F62A97C-1EF8-435A-9AE2-2DE8F3DD3A50}.Release|ARM64.ActiveCfg = Release|ARM64
		{0F62A97C-1EF8-435A-9AE2-2DE8F3DD3A50}.Release|ARM64.Build.0 = Release|ARM64
		{0F62A97C-1EF8-435A-9AE2-2DE8F3DD3A50}.Release|ARM64.Deploy.0 = Release|ARM64
		{0F62A97C-1EF8-435A-9AE2-2DE8F3DD3A50}.Release|x64.ActiveCfg = Release|x64
		{0F62A97C-1EF8-435A-9AE2-2DE8F3DD3A50}.Release|x64.Build.0 = Release|x64
		{0F62A97C-1EF8-435A-9AE2-2DE8F3DD3A50}.Release|x64.Deploy.0 = Release|x64
		{0F62A97C-1EF8-435A-9AE2-2DE8F3DD3A50}.Release|x86.ActiveCfg = Release|x86
		{0F62A97C-1EF8-435A-9AE2-2DE8F3DD3A50}.Release|x86.Build.0 = Release|x86
		{0F62A97C-1EF8-435A-9AE2-2DE8F3DD3A50}.Release|x86.Deploy.0 = Release|x86
		{30666228-3C1F-4B85-A7AF-A4188AEA79A2}.Debug|Any CPU.ActiveCfg = Debug|x64
		{30666228-3C1F-4B85-A7AF-A4188AEA79A2}.Debug|Any CPU.Build.0 = Debug|x64
		{30666228-3C1F-4B85-A7AF-A4188AEA79A2}.Debug|Any CPU.Deploy.0 = Debug|x64
		{30666228-3C1F-4B85-A7AF-A4188AEA79A2}.Debug|ARM.ActiveCfg = Debug|ARM
		{30666228-3C1F-4B85-A7AF-A4188AEA79A2}.Debug|ARM.Build.0 = Debug|ARM
		{30666228-3C1F-4B85-A7AF-A4188AEA79A2}.Debug|ARM.Deploy.0 = Debug|ARM
		{30666228-3C1F-4B85-A7AF-A4188AEA79A2}.Debug|ARM64.ActiveCfg = Debug|ARM64
		{30666228-3C1F-4B85-A7AF-A4188AEA79A2}.Debug|ARM64.Build.0 = Debug|ARM64
		{30666228-3C1F-4B85-A7AF-A4188AEA79A2}.Debug|ARM64.Deploy.0 = Debug|ARM64
		{30666228-3C1F-4B85-A7AF-A4188AEA79A2}.Debug|x64.ActiveCfg = Debug|x64
		{30666228-3C1F-4B85-A7AF-A4188AEA79A2}.Debug|x64.Build.0 = Debug|x64
		{30666228-3C1F-4B85-A7AF-A4188AEA79A2}.Debug|x64.Deploy.0 = Debug|x64
		{30666228-3C1F-4B85-A7AF-A4188AEA79A2}.Debug|x86.ActiveCfg = Debug|Win32
		{30666228-3C1F-4B85-A7AF-A4188AEA79A2}.Debug|x86.Build.0 = Debug|Win32
		{30666228-3C1F-4B85-A7AF-A4188AEA79A2}.Debug|x86.Deploy.0 = Debug|Win32
		{30666228-3C1F-4B85-A7AF-A4188AEA79A2}.Release|Any CPU.ActiveCfg = Release|x64
		{30666228-3C1F-4B85-A7AF-A4188AEA79A2}.Release|Any CPU.Build.0 = Release|x64
		{30666228-3C1F-4B85-A7AF-A4188AEA79A2}.Release|Any CPU.Deploy.0 = Release|x64
		{30666228-3C1F-4B85-A7AF-A4188AEA79A2}.Release|ARM.ActiveCfg = Release|ARM
		{30666228-3C1F-4B85-A7AF-A4188AEA79A2}.Release|ARM.Build.0 = Release|ARM
		{30666228-3C1F-4B85-A7AF-A4188AEA79A2}.Release|ARM.Deploy.0 = Release|ARM
		{30666228-3C1F-4B85-A7AF-A4188AEA79A2}.Release|ARM64.ActiveCfg = Release|ARM64
		{30666228-3C1F-4B85-A7AF-A4188AEA79A2}.Release|ARM64.Build.0 = Release|ARM64
		{30666228-3C1F-4B85-A7AF-A4188AEA79A2}.Release|ARM64.Deploy.0 = Release|ARM64
		{30666228-3C1F-4B85-A7AF-A4188AEA79A2}.Release|x64.ActiveCfg = Release|x64
		{30666228-3C1F-4B85-A7AF-A4188AEA79A2}.Release|x64.Build.0 = Release|x64
		{30666228-3C1F-4B85-A7AF-A4188AEA79A2}.Release|x64.Deploy.0 = Release|x64
		{30666228-3C1F-4B85-A7AF-A4188AEA79A2}.Release|x86.ActiveCfg = Release|Win32
		{30666228-3C1F-4B85-A7AF-A4188AEA79A2}.Release|x86.Build.0 = Release|Win32
		{30666228-3C1F-4B85-A7AF-A4188AEA79A2}.Release|x86.Deploy.0 = Release|Win32
	EndGlobalSection
	GlobalSection(SolutionProperties) = preSolution
		HideSolutionNode = FALSE
	EndGlobalSection
EndGlobal
